
Microsoft Visual Studio Solution File, Format Version 12.00
# Visual Studio Version 16
VisualStudioVersion = 16.0.29324.140
MinimumVisualStudioVersion = 10.0.40219.1
Project("{FAE04EC0-301F-11D3-BF4B-00C04F79EFBC}") = "SISASEPBA", "SISASEPBA\SISASEPBA.csproj", "{2B432CC4-98B6-460C-822C-3EEEF7DD592E}"
	ProjectSection(ProjectDependencies) = postProject
		{8E6F5237-5B1F-4CC3-8C1A-DA5466466D89} = {8E6F5237-5B1F-4CC3-8C1A-DA5466466D89}
	EndProjectSection
EndProject
Project("{FAE04EC0-301F-11D3-BF4B-00C04F79EFBC}") = "SISASEPBAWs", "SISASEPBAWs\SISASEPBAWs.csproj", "{8E6F5237-5B1F-4CC3-8C1A-DA5466466D89}"
EndProject
Global
	GlobalSection(SolutionConfigurationPlatforms) = preSolution
		Debug|Any CPU = Debug|Any CPU
		Release|Any CPU = Release|Any CPU
	EndGlobalSection
	GlobalSection(ProjectConfigurationPlatforms) = postSolution
		{2B432CC4-98B6-460C-822C-3EEEF7DD592E}.Debug|Any CPU.ActiveCfg = Debug|Any CPU
		{2B432CC4-98B6-460C-822C-3EEEF7DD592E}.Debug|Any CPU.Build.0 = Debug|Any CPU
		{2B432CC4-98B6-460C-822C-3EEEF7DD592E}.Release|Any CPU.ActiveCfg = Release|Any CPU
		{2B432CC4-98B6-460C-822C-3EEEF7DD592E}.Release|Any CPU.Build.0 = Release|Any CPU
		{8E6F5237-5B1F-4CC3-8C1A-DA5466466D89}.Debug|Any CPU.ActiveCfg = Debug|Any CPU
		{8E6F5237-5B1F-4CC3-8C1A-DA5466466D89}.Debug|Any CPU.Build.0 = Debug|Any CPU
		{8E6F5237-5B1F-4CC3-8C1A-DA5466466D89}.Release|Any CPU.ActiveCfg = Release|Any CPU
		{8E6F5237-5B1F-4CC3-8C1A-DA5466466D89}.Release|Any CPU.Build.0 = Release|Any CPU
	EndGlobalSection
	GlobalSection(SolutionProperties) = preSolution
		HideSolutionNode = FALSE
	EndGlobalSection
	GlobalSection(ExtensibilityGlobals) = postSolution
		SolutionGuid = {80B7AA8E-483C-4B11-A69D-008CDADF1F90}
	EndGlobalSection
EndGlobal
